// !$*UTF8*$!
{
	archiveVersion = 1;
	classes = {
	};
	objectVersion = 56;
	objects = {

/* Begin PBXBuildFile section */
		48B4579E8EC5E8069539E408 /* Pods_MoRI.framework in Frameworks */ = {isa = PBXBuildFile; fileRef = BC8BA210E0E2A857310AE2F4 /* Pods_MoRI.framework */; };
		6CC611BE2A6570B300B171FD /* MoRIApp.swift in Sources */ = {isa = PBXBuildFile; fileRef = 6CC611BD2A6570B300B171FD /* MoRIApp.swift */; };
		6CC611C02A6570B300B171FD /* ContentView.swift in Sources */ = {isa = PBXBuildFile; fileRef = 6CC611BF2A6570B300B171FD /* ContentView.swift */; };
		6CC611C22A6570B500B171FD /* Assets.xcassets in Resources */ = {isa = PBXBuildFile; fileRef = 6CC611C12A6570B500B171FD /* Assets.xcassets */; };
		6CC611C52A6570B500B171FD /* Preview Assets.xcassets in Resources */ = {isa = PBXBuildFile; fileRef = 6CC611C42A6570B500B171FD /* Preview Assets.xcassets */; };
		6CC611C72A6570B500B171FD /* Persistence.swift in Sources */ = {isa = PBXBuildFile; fileRef = 6CC611C62A6570B500B171FD /* Persistence.swift */; };
		6CC611CA2A6570B500B171FD /* MoRI.xcdatamodeld in Sources */ = {isa = PBXBuildFile; fileRef = 6CC611C82A6570B500B171FD /* MoRI.xcdatamodeld */; };
		6CDE92B72A6BF20900A569BD /* EditCardView.swift in Sources */ = {isa = PBXBuildFile; fileRef = 6CDE92B62A6BF20900A569BD /* EditCardView.swift */; };
		6CDE92B92A6BF25D00A569BD /* CardTop.swift in Sources */ = {isa = PBXBuildFile; fileRef = 6CDE92B82A6BF25D00A569BD /* CardTop.swift */; };
		6CDE92BB2A6BF27000A569BD /* EditCardViewModel.swift in Sources */ = {isa = PBXBuildFile; fileRef = 6CDE92BA2A6BF27000A569BD /* EditCardViewModel.swift */; };
		6CDE92BD2A6BF27F00A569BD /* Card.swift in Sources */ = {isa = PBXBuildFile; fileRef = 6CDE92BC2A6BF27F00A569BD /* Card.swift */; };
		6CDE92BF2A6BF2A800A569BD /* CGSize+Extension.swift in Sources */ = {isa = PBXBuildFile; fileRef = 6CDE92BE2A6BF2A800A569BD /* CGSize+Extension.swift */; };
		6CDE92C12A6CA23500A569BD /* CardDetailView.swift in Sources */ = {isa = PBXBuildFile; fileRef = 6CDE92C02A6CA23500A569BD /* CardDetailView.swift */; };
		6CDE92C32A6CA4CF00A569BD /* CardDetailViewModel.swift in Sources */ = {isa = PBXBuildFile; fileRef = 6CDE92C22A6CA4CF00A569BD /* CardDetailViewModel.swift */; };
		6CDE92C62A6CA63200A569BD /* CardDetailTop.swift in Sources */ = {isa = PBXBuildFile; fileRef = 6CDE92C52A6CA63200A569BD /* CardDetailTop.swift */; };
		C1749AFF2A677D6900C089DB /* SelectLyricsViewModel.swift in Sources */ = {isa = PBXBuildFile; fileRef = C1749AFE2A677D6900C089DB /* SelectLyricsViewModel.swift */; };
		C1749B072A6A11D700C089DB /* FontsManager.swift in Sources */ = {isa = PBXBuildFile; fileRef = C1749B062A6A11D700C089DB /* FontsManager.swift */; };
		C1749B0B2A6A11FA00C089DB /* Pretendard-SemiBold.otf in Resources */ = {isa = PBXBuildFile; fileRef = C1749B082A6A11FA00C089DB /* Pretendard-SemiBold.otf */; };
		C1749B0C2A6A11FA00C089DB /* Pretendard-Medium.otf in Resources */ = {isa = PBXBuildFile; fileRef = C1749B092A6A11FA00C089DB /* Pretendard-Medium.otf */; };
		C1749B0D2A6A11FA00C089DB /* Pretendard-Regular.otf in Resources */ = {isa = PBXBuildFile; fileRef = C1749B0A2A6A11FA00C089DB /* Pretendard-Regular.otf */; };
		C18294612A6627530027577F /* SearchMusicView.swift in Sources */ = {isa = PBXBuildFile; fileRef = C18294602A6627520027577F /* SearchMusicView.swift */; };
		C18294632A6627640027577F /* Song.swift in Sources */ = {isa = PBXBuildFile; fileRef = C18294622A6627640027577F /* Song.swift */; };
		C18294652A6627840027577F /* SearchMusicViewModel.swift in Sources */ = {isa = PBXBuildFile; fileRef = C18294642A6627840027577F /* SearchMusicViewModel.swift */; };
		C18294672A6627C00027577F /* SelectLyricsView.swift in Sources */ = {isa = PBXBuildFile; fileRef = C18294662A6627C00027577F /* SelectLyricsView.swift */; };
		C18294692A6630090027577F /* MainView.swift in Sources */ = {isa = PBXBuildFile; fileRef = C18294682A6630090027577F /* MainView.swift */; };
		C182946C2A66B8750027577F /* View+Extension.swift in Sources */ = {isa = PBXBuildFile; fileRef = C182946B2A66B8750027577F /* View+Extension.swift */; };
		C182946E2A66C8B90027577F /* Color+Extension.swift in Sources */ = {isa = PBXBuildFile; fileRef = C182946D2A66C8B90027577F /* Color+Extension.swift */; };
/* End PBXBuildFile section */

/* Begin PBXFileReference section */
		6CC611BA2A6570B300B171FD /* MoRI.app */ = {isa = PBXFileReference; explicitFileType = wrapper.application; includeInIndex = 0; path = MoRI.app; sourceTree = BUILT_PRODUCTS_DIR; };
		6CC611BD2A6570B300B171FD /* MoRIApp.swift */ = {isa = PBXFileReference; lastKnownFileType = sourcecode.swift; path = MoRIApp.swift; sourceTree = "<group>"; };
		6CC611BF2A6570B300B171FD /* ContentView.swift */ = {isa = PBXFileReference; lastKnownFileType = sourcecode.swift; path = ContentView.swift; sourceTree = "<group>"; };
		6CC611C12A6570B500B171FD /* Assets.xcassets */ = {isa = PBXFileReference; lastKnownFileType = folder.assetcatalog; path = Assets.xcassets; sourceTree = "<group>"; };
		6CC611C42A6570B500B171FD /* Preview Assets.xcassets */ = {isa = PBXFileReference; lastKnownFileType = folder.assetcatalog; path = "Preview Assets.xcassets"; sourceTree = "<group>"; };
		6CC611C62A6570B500B171FD /* Persistence.swift */ = {isa = PBXFileReference; lastKnownFileType = sourcecode.swift; path = Persistence.swift; sourceTree = "<group>"; };
		6CC611C92A6570B500B171FD /* MoRI.xcdatamodel */ = {isa = PBXFileReference; lastKnownFileType = wrapper.xcdatamodel; path = MoRI.xcdatamodel; sourceTree = "<group>"; };
		6CDE92B62A6BF20900A569BD /* EditCardView.swift */ = {isa = PBXFileReference; lastKnownFileType = sourcecode.swift; path = EditCardView.swift; sourceTree = "<group>"; };
		6CDE92B82A6BF25D00A569BD /* CardTop.swift */ = {isa = PBXFileReference; lastKnownFileType = sourcecode.swift; path = CardTop.swift; sourceTree = "<group>"; };
		6CDE92BA2A6BF27000A569BD /* EditCardViewModel.swift */ = {isa = PBXFileReference; lastKnownFileType = sourcecode.swift; path = EditCardViewModel.swift; sourceTree = "<group>"; };
		6CDE92BC2A6BF27F00A569BD /* Card.swift */ = {isa = PBXFileReference; lastKnownFileType = sourcecode.swift; path = Card.swift; sourceTree = "<group>"; };
		6CDE92BE2A6BF2A800A569BD /* CGSize+Extension.swift */ = {isa = PBXFileReference; lastKnownFileType = sourcecode.swift; path = "CGSize+Extension.swift"; sourceTree = "<group>"; };
		6CDE92C02A6CA23500A569BD /* CardDetailView.swift */ = {isa = PBXFileReference; lastKnownFileType = sourcecode.swift; path = CardDetailView.swift; sourceTree = "<group>"; };
		6CDE92C22A6CA4CF00A569BD /* CardDetailViewModel.swift */ = {isa = PBXFileReference; lastKnownFileType = sourcecode.swift; path = CardDetailViewModel.swift; sourceTree = "<group>"; };
		6CDE92C52A6CA63200A569BD /* CardDetailTop.swift */ = {isa = PBXFileReference; lastKnownFileType = sourcecode.swift; path = CardDetailTop.swift; sourceTree = "<group>"; };
		9E9F74FBA25F41C615921B03 /* Pods-MoRI.release.xcconfig */ = {isa = PBXFileReference; includeInIndex = 1; lastKnownFileType = text.xcconfig; name = "Pods-MoRI.release.xcconfig"; path = "Target Support Files/Pods-MoRI/Pods-MoRI.release.xcconfig"; sourceTree = "<group>"; };
		BC8BA210E0E2A857310AE2F4 /* Pods_MoRI.framework */ = {isa = PBXFileReference; explicitFileType = wrapper.framework; includeInIndex = 0; path = Pods_MoRI.framework; sourceTree = BUILT_PRODUCTS_DIR; };
		C1749AFE2A677D6900C089DB /* SelectLyricsViewModel.swift */ = {isa = PBXFileReference; lastKnownFileType = sourcecode.swift; path = SelectLyricsViewModel.swift; sourceTree = "<group>"; };
		C1749B022A68FFD900C089DB /* Info.plist */ = {isa = PBXFileReference; lastKnownFileType = text.plist; path = Info.plist; sourceTree = "<group>"; };
		C1749B062A6A11D700C089DB /* FontsManager.swift */ = {isa = PBXFileReference; lastKnownFileType = sourcecode.swift; path = FontsManager.swift; sourceTree = "<group>"; };
		C1749B082A6A11FA00C089DB /* Pretendard-SemiBold.otf */ = {isa = PBXFileReference; lastKnownFileType = file; path = "Pretendard-SemiBold.otf"; sourceTree = "<group>"; };
		C1749B092A6A11FA00C089DB /* Pretendard-Medium.otf */ = {isa = PBXFileReference; lastKnownFileType = file; path = "Pretendard-Medium.otf"; sourceTree = "<group>"; };
		C1749B0A2A6A11FA00C089DB /* Pretendard-Regular.otf */ = {isa = PBXFileReference; lastKnownFileType = file; path = "Pretendard-Regular.otf"; sourceTree = "<group>"; };
		C18294602A6627520027577F /* SearchMusicView.swift */ = {isa = PBXFileReference; lastKnownFileType = sourcecode.swift; path = SearchMusicView.swift; sourceTree = "<group>"; };
		C18294622A6627640027577F /* Song.swift */ = {isa = PBXFileReference; lastKnownFileType = sourcecode.swift; path = Song.swift; sourceTree = "<group>"; };
		C18294642A6627840027577F /* SearchMusicViewModel.swift */ = {isa = PBXFileReference; lastKnownFileType = sourcecode.swift; path = SearchMusicViewModel.swift; sourceTree = "<group>"; };
		C18294662A6627C00027577F /* SelectLyricsView.swift */ = {isa = PBXFileReference; lastKnownFileType = sourcecode.swift; path = SelectLyricsView.swift; sourceTree = "<group>"; };
		C18294682A6630090027577F /* MainView.swift */ = {isa = PBXFileReference; lastKnownFileType = sourcecode.swift; path = MainView.swift; sourceTree = "<group>"; };
		C182946B2A66B8750027577F /* View+Extension.swift */ = {isa = PBXFileReference; lastKnownFileType = sourcecode.swift; path = "View+Extension.swift"; sourceTree = "<group>"; };
		C182946D2A66C8B90027577F /* Color+Extension.swift */ = {isa = PBXFileReference; lastKnownFileType = sourcecode.swift; path = "Color+Extension.swift"; sourceTree = "<group>"; };
		DC20D5CE2BA6D6711AED29AF /* Pods-MoRI.debug.xcconfig */ = {isa = PBXFileReference; includeInIndex = 1; lastKnownFileType = text.xcconfig; name = "Pods-MoRI.debug.xcconfig"; path = "Target Support Files/Pods-MoRI/Pods-MoRI.debug.xcconfig"; sourceTree = "<group>"; };
/* End PBXFileReference section */

/* Begin PBXFrameworksBuildPhase section */
		6CC611B72A6570B300B171FD /* Frameworks */ = {
			isa = PBXFrameworksBuildPhase;
			buildActionMask = 2147483647;
			files = (
				48B4579E8EC5E8069539E408 /* Pods_MoRI.framework in Frameworks */,
			);
			runOnlyForDeploymentPostprocessing = 0;
		};
/* End PBXFrameworksBuildPhase section */

/* Begin PBXGroup section */
		6CC611B12A6570B300B171FD = {
			isa = PBXGroup;
			children = (
				6CC611BC2A6570B300B171FD /* MoRI */,
				6CC611BB2A6570B300B171FD /* Products */,
				6FD2F45C29DEF0E148245CF9 /* Pods */,
				FE8C2CE3AE0645A24A0A375B /* Frameworks */,
			);
			sourceTree = "<group>";
		};
		6CC611BB2A6570B300B171FD /* Products */ = {
			isa = PBXGroup;
			children = (
				6CC611BA2A6570B300B171FD /* MoRI.app */,
			);
			name = Products;
			sourceTree = "<group>";
		};
		6CC611BC2A6570B300B171FD /* MoRI */ = {
			isa = PBXGroup;
			children = (
				C1749B052A6A113300C089DB /* Fonts */,
				C1749B022A68FFD900C089DB /* Info.plist */,
				C182946A2A66B8630027577F /* Extension */,
				C182945F2A66268E0027577F /* Model */,
				C182945E2A6626890027577F /* VIewModel */,
				C182945D2A6626830027577F /* VIew */,
				6CC611BD2A6570B300B171FD /* MoRIApp.swift */,
				6CC611BF2A6570B300B171FD /* ContentView.swift */,
				6CC611C12A6570B500B171FD /* Assets.xcassets */,
				6CC611C62A6570B500B171FD /* Persistence.swift */,
				6CC611C82A6570B500B171FD /* MoRI.xcdatamodeld */,
				6CC611C32A6570B500B171FD /* Preview Content */,
			);
			path = MoRI;
			sourceTree = "<group>";
		};
		6CC611C32A6570B500B171FD /* Preview Content */ = {
			isa = PBXGroup;
			children = (
				6CC611C42A6570B500B171FD /* Preview Assets.xcassets */,
			);
			path = "Preview Content";
			sourceTree = "<group>";
		};
		6CDE92B52A6BF1FA00A569BD /* EditCard */ = {
			isa = PBXGroup;
			children = (
				6CDE92B62A6BF20900A569BD /* EditCardView.swift */,
				6CDE92B82A6BF25D00A569BD /* CardTop.swift */,
			);
			path = EditCard;
			sourceTree = "<group>";
		};
		6CDE92C42A6CA61B00A569BD /* CardDetail */ = {
			isa = PBXGroup;
			children = (
				6CDE92C02A6CA23500A569BD /* CardDetailView.swift */,
				6CDE92C52A6CA63200A569BD /* CardDetailTop.swift */,
			);
			path = CardDetail;
			sourceTree = "<group>";
		};
		6FD2F45C29DEF0E148245CF9 /* Pods */ = {
			isa = PBXGroup;
			children = (
				DC20D5CE2BA6D6711AED29AF /* Pods-MoRI.debug.xcconfig */,
				9E9F74FBA25F41C615921B03 /* Pods-MoRI.release.xcconfig */,
			);
			path = Pods;
			sourceTree = "<group>";
		};
		C1749B052A6A113300C089DB /* Fonts */ = {
			isa = PBXGroup;
			children = (
				C1749B092A6A11FA00C089DB /* Pretendard-Medium.otf */,
				C1749B0A2A6A11FA00C089DB /* Pretendard-Regular.otf */,
				C1749B082A6A11FA00C089DB /* Pretendard-SemiBold.otf */,
				C1749B062A6A11D700C089DB /* FontsManager.swift */,
			);
			path = Fonts;
			sourceTree = "<group>";
		};
		C182945D2A6626830027577F /* VIew */ = {
			isa = PBXGroup;
			children = (
				6CDE92C42A6CA61B00A569BD /* CardDetail */,
				6CDE92B52A6BF1FA00A569BD /* EditCard */,
				C18294602A6627520027577F /* SearchMusicView.swift */,
				C18294662A6627C00027577F /* SelectLyricsView.swift */,
				C18294682A6630090027577F /* MainView.swift */,
			);
			path = VIew;
			sourceTree = "<group>";
		};
		C182945E2A6626890027577F /* VIewModel */ = {
			isa = PBXGroup;
			children = (
				C18294642A6627840027577F /* SearchMusicViewModel.swift */,
				C1749AFE2A677D6900C089DB /* SelectLyricsViewModel.swift */,
				6CDE92BA2A6BF27000A569BD /* EditCardViewModel.swift */,
				6CDE92C22A6CA4CF00A569BD /* CardDetailViewModel.swift */,
			);
			path = VIewModel;
			sourceTree = "<group>";
		};
		C182945F2A66268E0027577F /* Model */ = {
			isa = PBXGroup;
			children = (
				C18294622A6627640027577F /* Song.swift */,
				6CDE92BC2A6BF27F00A569BD /* Card.swift */,
			);
			path = Model;
			sourceTree = "<group>";
		};
		C182946A2A66B8630027577F /* Extension */ = {
			isa = PBXGroup;
			children = (
				C182946B2A66B8750027577F /* View+Extension.swift */,
				C182946D2A66C8B90027577F /* Color+Extension.swift */,
				6CDE92BE2A6BF2A800A569BD /* CGSize+Extension.swift */,
			);
			path = Extension;
			sourceTree = "<group>";
		};
		FE8C2CE3AE0645A24A0A375B /* Frameworks */ = {
			isa = PBXGroup;
			children = (
				BC8BA210E0E2A857310AE2F4 /* Pods_MoRI.framework */,
			);
			name = Frameworks;
			sourceTree = "<group>";
		};
/* End PBXGroup section */

/* Begin PBXNativeTarget section */
		6CC611B92A6570B300B171FD /* MoRI */ = {
			isa = PBXNativeTarget;
			buildConfigurationList = 6CC611CD2A6570B500B171FD /* Build configuration list for PBXNativeTarget "MoRI" */;
			buildPhases = (
				061F6BC6AA4D551AF3B3D8B5 /* [CP] Check Pods Manifest.lock */,
				6CC611B62A6570B300B171FD /* Sources */,
				6CC611B72A6570B300B171FD /* Frameworks */,
				6CC611B82A6570B300B171FD /* Resources */,
				8AE34A788F66F5A1EFBBE421 /* [CP] Embed Pods Frameworks */,
			);
			buildRules = (
			);
			dependencies = (
			);
			name = MoRI;
			productName = MoRI;
			productReference = 6CC611BA2A6570B300B171FD /* MoRI.app */;
			productType = "com.apple.product-type.application";
		};
/* End PBXNativeTarget section */

/* Begin PBXProject section */
		6CC611B22A6570B300B171FD /* Project object */ = {
			isa = PBXProject;
			attributes = {
				BuildIndependentTargetsInParallel = 1;
				LastSwiftUpdateCheck = 1430;
				LastUpgradeCheck = 1430;
				TargetAttributes = {
					6CC611B92A6570B300B171FD = {
						CreatedOnToolsVersion = 14.3;
					};
				};
			};
			buildConfigurationList = 6CC611B52A6570B300B171FD /* Build configuration list for PBXProject "MoRI" */;
			compatibilityVersion = "Xcode 14.0";
			developmentRegion = en;
			hasScannedForEncodings = 0;
			knownRegions = (
				en,
				Base,
			);
			mainGroup = 6CC611B12A6570B300B171FD;
			productRefGroup = 6CC611BB2A6570B300B171FD /* Products */;
			projectDirPath = "";
			projectRoot = "";
			targets = (
				6CC611B92A6570B300B171FD /* MoRI */,
			);
		};
/* End PBXProject section */

/* Begin PBXResourcesBuildPhase section */
		6CC611B82A6570B300B171FD /* Resources */ = {
			isa = PBXResourcesBuildPhase;
			buildActionMask = 2147483647;
			files = (
				C1749B0B2A6A11FA00C089DB /* Pretendard-SemiBold.otf in Resources */,
				6CC611C52A6570B500B171FD /* Preview Assets.xcassets in Resources */,
				C1749B0D2A6A11FA00C089DB /* Pretendard-Regular.otf in Resources */,
				6CC611C22A6570B500B171FD /* Assets.xcassets in Resources */,
				C1749B0C2A6A11FA00C089DB /* Pretendard-Medium.otf in Resources */,
			);
			runOnlyForDeploymentPostprocessing = 0;
		};
/* End PBXResourcesBuildPhase section */

/* Begin PBXShellScriptBuildPhase section */
		061F6BC6AA4D551AF3B3D8B5 /* [CP] Check Pods Manifest.lock */ = {
			isa = PBXShellScriptBuildPhase;
			buildActionMask = 2147483647;
			files = (
			);
			inputFileListPaths = (
			);
			inputPaths = (
				"${PODS_PODFILE_DIR_PATH}/Podfile.lock",
				"${PODS_ROOT}/Manifest.lock",
			);
			name = "[CP] Check Pods Manifest.lock";
			outputFileListPaths = (
			);
			outputPaths = (
				"$(DERIVED_FILE_DIR)/Pods-MoRI-checkManifestLockResult.txt",
			);
			runOnlyForDeploymentPostprocessing = 0;
			shellPath = /bin/sh;
			shellScript = "diff \"${PODS_PODFILE_DIR_PATH}/Podfile.lock\" \"${PODS_ROOT}/Manifest.lock\" > /dev/null\nif [ $? != 0 ] ; then\n    # print error to STDERR\n    echo \"error: The sandbox is not in sync with the Podfile.lock. Run 'pod install' or update your CocoaPods installation.\" >&2\n    exit 1\nfi\n# This output is used by Xcode 'outputs' to avoid re-running this script phase.\necho \"SUCCESS\" > \"${SCRIPT_OUTPUT_FILE_0}\"\n";
			showEnvVarsInLog = 0;
		};
		8AE34A788F66F5A1EFBBE421 /* [CP] Embed Pods Frameworks */ = {
			isa = PBXShellScriptBuildPhase;
			buildActionMask = 2147483647;
			files = (
			);
			inputFileListPaths = (
				"${PODS_ROOT}/Target Support Files/Pods-MoRI/Pods-MoRI-frameworks-${CONFIGURATION}-input-files.xcfilelist",
			);
			name = "[CP] Embed Pods Frameworks";
			outputFileListPaths = (
				"${PODS_ROOT}/Target Support Files/Pods-MoRI/Pods-MoRI-frameworks-${CONFIGURATION}-output-files.xcfilelist",
			);
			runOnlyForDeploymentPostprocessing = 0;
			shellPath = /bin/sh;
			shellScript = "\"${PODS_ROOT}/Target Support Files/Pods-MoRI/Pods-MoRI-frameworks.sh\"\n";
			showEnvVarsInLog = 0;
		};
/* End PBXShellScriptBuildPhase section */

/* Begin PBXSourcesBuildPhase section */
		6CC611B62A6570B300B171FD /* Sources */ = {
			isa = PBXSourcesBuildPhase;
			buildActionMask = 2147483647;
			files = (
				6CDE92C12A6CA23500A569BD /* CardDetailView.swift in Sources */,
				C18294632A6627640027577F /* Song.swift in Sources */,
				6CDE92B92A6BF25D00A569BD /* CardTop.swift in Sources */,
				C18294692A6630090027577F /* MainView.swift in Sources */,
				6CDE92B72A6BF20900A569BD /* EditCardView.swift in Sources */,
				C1749B072A6A11D700C089DB /* FontsManager.swift in Sources */,
				C182946C2A66B8750027577F /* View+Extension.swift in Sources */,
				6CDE92BD2A6BF27F00A569BD /* Card.swift in Sources */,
				6CC611CA2A6570B500B171FD /* MoRI.xcdatamodeld in Sources */,
				C18294672A6627C00027577F /* SelectLyricsView.swift in Sources */,
				6CC611C72A6570B500B171FD /* Persistence.swift in Sources */,
				6CC611C02A6570B300B171FD /* ContentView.swift in Sources */,
				C18294652A6627840027577F /* SearchMusicViewModel.swift in Sources */,
				6CDE92C62A6CA63200A569BD /* CardDetailTop.swift in Sources */,
				6CDE92C32A6CA4CF00A569BD /* CardDetailViewModel.swift in Sources */,
				C1749AFF2A677D6900C089DB /* SelectLyricsViewModel.swift in Sources */,
				6CC611BE2A6570B300B171FD /* MoRIApp.swift in Sources */,
				6CDE92BF2A6BF2A800A569BD /* CGSize+Extension.swift in Sources */,
				C182946E2A66C8B90027577F /* Color+Extension.swift in Sources */,
				6CDE92BB2A6BF27000A569BD /* EditCardViewModel.swift in Sources */,
				C18294612A6627530027577F /* SearchMusicView.swift in Sources */,
			);
			runOnlyForDeploymentPostprocessing = 0;
		};
/* End PBXSourcesBuildPhase section */

/* Begin XCBuildConfiguration section */
		6CC611CB2A6570B500B171FD /* Debug */ = {
			isa = XCBuildConfiguration;
			buildSettings = {
				ALWAYS_SEARCH_USER_PATHS = NO;
				CLANG_ANALYZER_NONNULL = YES;
				CLANG_ANALYZER_NUMBER_OBJECT_CONVERSION = YES_AGGRESSIVE;
				CLANG_CXX_LANGUAGE_STANDARD = "gnu++20";
				CLANG_ENABLE_MODULES = YES;
				CLANG_ENABLE_OBJC_ARC = YES;
				CLANG_ENABLE_OBJC_WEAK = YES;
				CLANG_WARN_BLOCK_CAPTURE_AUTORELEASING = YES;
				CLANG_WARN_BOOL_CONVERSION = YES;
				CLANG_WARN_COMMA = YES;
				CLANG_WARN_CONSTANT_CONVERSION = YES;
				CLANG_WARN_DEPRECATED_OBJC_IMPLEMENTATIONS = YES;
				CLANG_WARN_DIRECT_OBJC_ISA_USAGE = YES_ERROR;
				CLANG_WARN_DOCUMENTATION_COMMENTS = YES;
				CLANG_WARN_EMPTY_BODY = YES;
				CLANG_WARN_ENUM_CONVERSION = YES;
				CLANG_WARN_INFINITE_RECURSION = YES;
				CLANG_WARN_INT_CONVERSION = YES;
				CLANG_WARN_NON_LITERAL_NULL_CONVERSION = YES;
				CLANG_WARN_OBJC_IMPLICIT_RETAIN_SELF = YES;
				CLANG_WARN_OBJC_LITERAL_CONVERSION = YES;
				CLANG_WARN_OBJC_ROOT_CLASS = YES_ERROR;
				CLANG_WARN_QUOTED_INCLUDE_IN_FRAMEWORK_HEADER = YES;
				CLANG_WARN_RANGE_LOOP_ANALYSIS = YES;
				CLANG_WARN_STRICT_PROTOTYPES = YES;
				CLANG_WARN_SUSPICIOUS_MOVE = YES;
				CLANG_WARN_UNGUARDED_AVAILABILITY = YES_AGGRESSIVE;
				CLANG_WARN_UNREACHABLE_CODE = YES;
				CLANG_WARN__DUPLICATE_METHOD_MATCH = YES;
				COPY_PHASE_STRIP = NO;
				DEBUG_INFORMATION_FORMAT = dwarf;
				ENABLE_STRICT_OBJC_MSGSEND = YES;
				ENABLE_TESTABILITY = YES;
				GCC_C_LANGUAGE_STANDARD = gnu11;
				GCC_DYNAMIC_NO_PIC = NO;
				GCC_NO_COMMON_BLOCKS = YES;
				GCC_OPTIMIZATION_LEVEL = 0;
				GCC_PREPROCESSOR_DEFINITIONS = (
					"DEBUG=1",
					"$(inherited)",
				);
				GCC_WARN_64_TO_32_BIT_CONVERSION = YES;
				GCC_WARN_ABOUT_RETURN_TYPE = YES_ERROR;
				GCC_WARN_UNDECLARED_SELECTOR = YES;
				GCC_WARN_UNINITIALIZED_AUTOS = YES_AGGRESSIVE;
				GCC_WARN_UNUSED_FUNCTION = YES;
				GCC_WARN_UNUSED_VARIABLE = YES;
				IPHONEOS_DEPLOYMENT_TARGET = 16.0;
				MTL_ENABLE_DEBUG_INFO = INCLUDE_SOURCE;
				MTL_FAST_MATH = YES;
				ONLY_ACTIVE_ARCH = YES;
				SDKROOT = iphoneos;
				SWIFT_ACTIVE_COMPILATION_CONDITIONS = DEBUG;
				SWIFT_OPTIMIZATION_LEVEL = "-Onone";
			};
			name = Debug;
		};
		6CC611CC2A6570B500B171FD /* Release */ = {
			isa = XCBuildConfiguration;
			buildSettings = {
				ALWAYS_SEARCH_USER_PATHS = NO;
				CLANG_ANALYZER_NONNULL = YES;
				CLANG_ANALYZER_NUMBER_OBJECT_CONVERSION = YES_AGGRESSIVE;
				CLANG_CXX_LANGUAGE_STANDARD = "gnu++20";
				CLANG_ENABLE_MODULES = YES;
				CLANG_ENABLE_OBJC_ARC = YES;
				CLANG_ENABLE_OBJC_WEAK = YES;
				CLANG_WARN_BLOCK_CAPTURE_AUTORELEASING = YES;
				CLANG_WARN_BOOL_CONVERSION = YES;
				CLANG_WARN_COMMA = YES;
				CLANG_WARN_CONSTANT_CONVERSION = YES;
				CLANG_WARN_DEPRECATED_OBJC_IMPLEMENTATIONS = YES;
				CLANG_WARN_DIRECT_OBJC_ISA_USAGE = YES_ERROR;
				CLANG_WARN_DOCUMENTATION_COMMENTS = YES;
				CLANG_WARN_EMPTY_BODY = YES;
				CLANG_WARN_ENUM_CONVERSION = YES;
				CLANG_WARN_INFINITE_RECURSION = YES;
				CLANG_WARN_INT_CONVERSION = YES;
				CLANG_WARN_NON_LITERAL_NULL_CONVERSION = YES;
				CLANG_WARN_OBJC_IMPLICIT_RETAIN_SELF = YES;
				CLANG_WARN_OBJC_LITERAL_CONVERSION = YES;
				CLANG_WARN_OBJC_ROOT_CLASS = YES_ERROR;
				CLANG_WARN_QUOTED_INCLUDE_IN_FRAMEWORK_HEADER = YES;
				CLANG_WARN_RANGE_LOOP_ANALYSIS = YES;
				CLANG_WARN_STRICT_PROTOTYPES = YES;
				CLANG_WARN_SUSPICIOUS_MOVE = YES;
				CLANG_WARN_UNGUARDED_AVAILABILITY = YES_AGGRESSIVE;
				CLANG_WARN_UNREACHABLE_CODE = YES;
				CLANG_WARN__DUPLICATE_METHOD_MATCH = YES;
				COPY_PHASE_STRIP = NO;
				DEBUG_INFORMATION_FORMAT = "dwarf-with-dsym";
				ENABLE_NS_ASSERTIONS = NO;
				ENABLE_STRICT_OBJC_MSGSEND = YES;
				GCC_C_LANGUAGE_STANDARD = gnu11;
				GCC_NO_COMMON_BLOCKS = YES;
				GCC_WARN_64_TO_32_BIT_CONVERSION = YES;
				GCC_WARN_ABOUT_RETURN_TYPE = YES_ERROR;
				GCC_WARN_UNDECLARED_SELECTOR = YES;
				GCC_WARN_UNINITIALIZED_AUTOS = YES_AGGRESSIVE;
				GCC_WARN_UNUSED_FUNCTION = YES;
				GCC_WARN_UNUSED_VARIABLE = YES;
				IPHONEOS_DEPLOYMENT_TARGET = 16.0;
				MTL_ENABLE_DEBUG_INFO = NO;
				MTL_FAST_MATH = YES;
				SDKROOT = iphoneos;
				SWIFT_COMPILATION_MODE = wholemodule;
				SWIFT_OPTIMIZATION_LEVEL = "-O";
				VALIDATE_PRODUCT = YES;
			};
			name = Release;
		};
		6CC611CE2A6570B500B171FD /* Debug */ = {
			isa = XCBuildConfiguration;
			baseConfigurationReference = DC20D5CE2BA6D6711AED29AF /* Pods-MoRI.debug.xcconfig */;
			buildSettings = {
				ASSETCATALOG_COMPILER_APPICON_NAME = AppIcon;
				ASSETCATALOG_COMPILER_GLOBAL_ACCENT_COLOR_NAME = AccentColor;
				CODE_SIGN_STYLE = Automatic;
				CURRENT_PROJECT_VERSION = 1;
				DEVELOPMENT_ASSET_PATHS = "\"MoRI/Preview Content\"";
				DEVELOPMENT_TEAM = XF4GNZL7MP;
				ENABLE_PREVIEWS = YES;
				GENERATE_INFOPLIST_FILE = YES;
				INFOPLIST_FILE = MoRI/Info.plist;
				INFOPLIST_KEY_NSAppleMusicUsageDescription = "Please allow access to continue";
				INFOPLIST_KEY_UIApplicationSupportsIndirectInputEvents = YES;
				INFOPLIST_KEY_UILaunchScreen_Generation = YES;
				INFOPLIST_KEY_UISupportedInterfaceOrientations_iPad = "UIInterfaceOrientationPortrait UIInterfaceOrientationPortraitUpsideDown UIInterfaceOrientationLandscapeLeft UIInterfaceOrientationLandscapeRight";
				INFOPLIST_KEY_UISupportedInterfaceOrientations_iPhone = "UIInterfaceOrientationPortrait UIInterfaceOrientationLandscapeLeft UIInterfaceOrientationLandscapeRight";
				LD_RUNPATH_SEARCH_PATHS = (
					"$(inherited)",
					"@executable_path/Frameworks",
				);
				MARKETING_VERSION = 1.0;
				PRODUCT_BUNDLE_IDENTIFIER = com.doris.mc3practice;
				PRODUCT_NAME = "$(TARGET_NAME)";
				SWIFT_EMIT_LOC_STRINGS = YES;
				SWIFT_VERSION = 5.0;
				TARGETED_DEVICE_FAMILY = "1,2";
			};
			name = Debug;
		};
		6CC611CF2A6570B500B171FD /* Release */ = {
			isa = XCBuildConfiguration;
			baseConfigurationReference = 9E9F74FBA25F41C615921B03 /* Pods-MoRI.release.xcconfig */;
			buildSettings = {
				ASSETCATALOG_COMPILER_APPICON_NAME = AppIcon;
				ASSETCATALOG_COMPILER_GLOBAL_ACCENT_COLOR_NAME = AccentColor;
				CODE_SIGN_STYLE = Automatic;
				CURRENT_PROJECT_VERSION = 1;
				DEVELOPMENT_ASSET_PATHS = "\"MoRI/Preview Content\"";
				DEVELOPMENT_TEAM = XF4GNZL7MP;
				ENABLE_PREVIEWS = YES;
				GENERATE_INFOPLIST_FILE = YES;
				INFOPLIST_FILE = MoRI/Info.plist;
				INFOPLIST_KEY_NSAppleMusicUsageDescription = "Please allow access to continue";
				INFOPLIST_KEY_UIApplicationSupportsIndirectInputEvents = YES;
				INFOPLIST_KEY_UILaunchScreen_Generation = YES;
				INFOPLIST_KEY_UISupportedInterfaceOrientations_iPad = "UIInterfaceOrientationPortrait UIInterfaceOrientationPortraitUpsideDown UIInterfaceOrientationLandscapeLeft UIInterfaceOrientationLandscapeRight";
				INFOPLIST_KEY_UISupportedInterfaceOrientations_iPhone = "UIInterfaceOrientationPortrait UIInterfaceOrientationLandscapeLeft UIInterfaceOrientationLandscapeRight";
				LD_RUNPATH_SEARCH_PATHS = (
					"$(inherited)",
					"@executable_path/Frameworks",
				);
				MARKETING_VERSION = 1.0;
				PRODUCT_BUNDLE_IDENTIFIER = com.doris.mc3practice;
				PRODUCT_NAME = "$(TARGET_NAME)";
				SWIFT_EMIT_LOC_STRINGS = YES;
				SWIFT_VERSION = 5.0;
				TARGETED_DEVICE_FAMILY = "1,2";
			};
			name = Release;
		};
/* End XCBuildConfiguration section */

/* Begin XCConfigurationList section */
		6CC611B52A6570B300B171FD /* Build configuration list for PBXProject "MoRI" */ = {
			isa = XCConfigurationList;
			buildConfigurations = (
				6CC611CB2A6570B500B171FD /* Debug */,
				6CC611CC2A6570B500B171FD /* Release */,
			);
			defaultConfigurationIsVisible = 0;
			defaultConfigurationName = Release;
		};
		6CC611CD2A6570B500B171FD /* Build configuration list for PBXNativeTarget "MoRI" */ = {
			isa = XCConfigurationList;
			buildConfigurations = (
				6CC611CE2A6570B500B171FD /* Debug */,
				6CC611CF2A6570B500B171FD /* Release */,
			);
			defaultConfigurationIsVisible = 0;
			defaultConfigurationName = Release;
		};
/* End XCConfigurationList section */

/* Begin XCVersionGroup section */
		6CC611C82A6570B500B171FD /* MoRI.xcdatamodeld */ = {
			isa = XCVersionGroup;
			children = (
				6CC611C92A6570B500B171FD /* MoRI.xcdatamodel */,
			);
			currentVersion = 6CC611C92A6570B500B171FD /* MoRI.xcdatamodel */;
			path = MoRI.xcdatamodeld;
			sourceTree = "<group>";
			versionGroupType = wrapper.xcdatamodel;
		};
/* End XCVersionGroup section */
	};
	rootObject = 6CC611B22A6570B300B171FD /* Project object */;
}
