// !$*UTF8*$!
{
	archiveVersion = 1;
	classes = {
	};
	objectVersion = 56;
	objects = {

/* Begin PBXBuildFile section */
		6CC611BE2A6570B300B171FD /* MoRIApp.swift in Sources */ = {isa = PBXBuildFile; fileRef = 6CC611BD2A6570B300B171FD /* MoRIApp.swift */; };
		6CC611C02A6570B300B171FD /* ContentView.swift in Sources */ = {isa = PBXBuildFile; fileRef = 6CC611BF2A6570B300B171FD /* ContentView.swift */; };
		6CC611C22A6570B500B171FD /* Assets.xcassets in Resources */ = {isa = PBXBuildFile; fileRef = 6CC611C12A6570B500B171FD /* Assets.xcassets */; };
		6CC611C52A6570B500B171FD /* Preview Assets.xcassets in Resources */ = {isa = PBXBuildFile; fileRef = 6CC611C42A6570B500B171FD /* Preview Assets.xcassets */; };
		6CC611C72A6570B500B171FD /* Persistence.swift in Sources */ = {isa = PBXBuildFile; fileRef = 6CC611C62A6570B500B171FD /* Persistence.swift */; };
		6CC611CA2A6570B500B171FD /* MoRI.xcdatamodeld in Sources */ = {isa = PBXBuildFile; fileRef = 6CC611C82A6570B500B171FD /* MoRI.xcdatamodeld */; };
		C18294612A6627530027577F /* SearchMusicView.swift in Sources */ = {isa = PBXBuildFile; fileRef = C18294602A6627520027577F /* SearchMusicView.swift */; };
		C18294632A6627640027577F /* Song.swift in Sources */ = {isa = PBXBuildFile; fileRef = C18294622A6627640027577F /* Song.swift */; };
		C18294652A6627840027577F /* SearchMusicViewModel.swift in Sources */ = {isa = PBXBuildFile; fileRef = C18294642A6627840027577F /* SearchMusicViewModel.swift */; };
		C18294672A6627C00027577F /* SelectLyricsView.swift in Sources */ = {isa = PBXBuildFile; fileRef = C18294662A6627C00027577F /* SelectLyricsView.swift */; };
/* End PBXBuildFile section */

/* Begin PBXFileReference section */
		6CC611BA2A6570B300B171FD /* MoRI.app */ = {isa = PBXFileReference; explicitFileType = wrapper.application; includeInIndex = 0; path = MoRI.app; sourceTree = BUILT_PRODUCTS_DIR; };
		6CC611BD2A6570B300B171FD /* MoRIApp.swift */ = {isa = PBXFileReference; lastKnownFileType = sourcecode.swift; path = MoRIApp.swift; sourceTree = "<group>"; };
		6CC611BF2A6570B300B171FD /* ContentView.swift */ = {isa = PBXFileReference; lastKnownFileType = sourcecode.swift; path = ContentView.swift; sourceTree = "<group>"; };
		6CC611C12A6570B500B171FD /* Assets.xcassets */ = {isa = PBXFileReference; lastKnownFileType = folder.assetcatalog; path = Assets.xcassets; sourceTree = "<group>"; };
		6CC611C42A6570B500B171FD /* Preview Assets.xcassets */ = {isa = PBXFileReference; lastKnownFileType = folder.assetcatalog; path = "Preview Assets.xcassets"; sourceTree = "<group>"; };
		6CC611C62A6570B500B171FD /* Persistence.swift */ = {isa = PBXFileReference; lastKnownFileType = sourcecode.swift; path = Persistence.swift; sourceTree = "<group>"; };
		6CC611C92A6570B500B171FD /* MoRI.xcdatamodel */ = {isa = PBXFileReference; lastKnownFileType = wrapper.xcdatamodel; path = MoRI.xcdatamodel; sourceTree = "<group>"; };
		C18294602A6627520027577F /* SearchMusicView.swift */ = {isa = PBXFileReference; lastKnownFileType = sourcecode.swift; path = SearchMusicView.swift; sourceTree = "<group>"; };
		C18294622A6627640027577F /* Song.swift */ = {isa = PBXFileReference; lastKnownFileType = sourcecode.swift; path = Song.swift; sourceTree = "<group>"; };
		C18294642A6627840027577F /* SearchMusicViewModel.swift */ = {isa = PBXFileReference; lastKnownFileType = sourcecode.swift; path = SearchMusicViewModel.swift; sourceTree = "<group>"; };
		C18294662A6627C00027577F /* SelectLyricsView.swift */ = {isa = PBXFileReference; lastKnownFileType = sourcecode.swift; path = SelectLyricsView.swift; sourceTree = "<group>"; };
/* End PBXFileReference section */

/* Begin PBXFrameworksBuildPhase section */
		6CC611B72A6570B300B171FD /* Frameworks */ = {
			isa = PBXFrameworksBuildPhase;
			buildActionMask = 2147483647;
			files = (
			);
			runOnlyForDeploymentPostprocessing = 0;
		};
/* End PBXFrameworksBuildPhase section */

/* Begin PBXGroup section */
		6CC611B12A6570B300B171FD = {
			isa = PBXGroup;
			children = (
				6CC611BC2A6570B300B171FD /* MoRI */,
				6CC611BB2A6570B300B171FD /* Products */,
			);
			sourceTree = "<group>";
		};
		6CC611BB2A6570B300B171FD /* Products */ = {
			isa = PBXGroup;
			children = (
				6CC611BA2A6570B300B171FD /* MoRI.app */,
			);
			name = Products;
			sourceTree = "<group>";
		};
		6CC611BC2A6570B300B171FD /* MoRI */ = {
			isa = PBXGroup;
			children = (
				C182945F2A66268E0027577F /* Model */,
				C182945E2A6626890027577F /* VIewModel */,
				C182945D2A6626830027577F /* VIew */,
				6CC611BD2A6570B300B171FD /* MoRIApp.swift */,
				6CC611BF2A6570B300B171FD /* ContentView.swift */,
				6CC611C12A6570B500B171FD /* Assets.xcassets */,
				6CC611C62A6570B500B171FD /* Persistence.swift */,
				6CC611C82A6570B500B171FD /* MoRI.xcdatamodeld */,
				6CC611C32A6570B500B171FD /* Preview Content */,
			);
			path = MoRI;
			sourceTree = "<group>";
		};
		6CC611C32A6570B500B171FD /* Preview Content */ = {
			isa = PBXGroup;
			children = (
				6CC611C42A6570B500B171FD /* Preview Assets.xcassets */,
			);
			path = "Preview Content";
			sourceTree = "<group>";
		};
		C182945D2A6626830027577F /* VIew */ = {
			isa = PBXGroup;
			children = (
				C18294602A6627520027577F /* SearchMusicView.swift */,
				C18294662A6627C00027577F /* SelectLyricsView.swift */,
			);
			path = VIew;
			sourceTree = "<group>";
		};
		C182945E2A6626890027577F /* VIewModel */ = {
			isa = PBXGroup;
			children = (
				C18294642A6627840027577F /* SearchMusicViewModel.swift */,
			);
			path = VIewModel;
			sourceTree = "<group>";
		};
		C182945F2A66268E0027577F /* Model */ = {
			isa = PBXGroup;
			children = (
				C18294622A6627640027577F /* Song.swift */,
			);
			path = Model;
			sourceTree = "<group>";
		};
/* End PBXGroup section */

/* Begin PBXNativeTarget section */
		6CC611B92A6570B300B171FD /* MoRI */ = {
			isa = PBXNativeTarget;
			buildConfigurationList = 6CC611CD2A6570B500B171FD /* Build configuration list for PBXNativeTarget "MoRI" */;
			buildPhases = (
				6CC611B62A6570B300B171FD /* Sources */,
				6CC611B72A6570B300B171FD /* Frameworks */,
				6CC611B82A6570B300B171FD /* Resources */,
			);
			buildRules = (
			);
			dependencies = (
			);
			name = MoRI;
			productName = MoRI;
			productReference = 6CC611BA2A6570B300B171FD /* MoRI.app */;
			productType = "com.apple.product-type.application";
		};
/* End PBXNativeTarget section */

/* Begin PBXProject section */
		6CC611B22A6570B300B171FD /* Project object */ = {
			isa = PBXProject;
			attributes = {
				BuildIndependentTargetsInParallel = 1;
				LastSwiftUpdateCheck = 1430;
				LastUpgradeCheck = 1430;
				TargetAttributes = {
					6CC611B92A6570B300B171FD = {
						CreatedOnToolsVersion = 14.3;
					};
				};
			};
			buildConfigurationList = 6CC611B52A6570B300B171FD /* Build configuration list for PBXProject "MoRI" */;
			compatibilityVersion = "Xcode 14.0";
			developmentRegion = en;
			hasScannedForEncodings = 0;
			knownRegions = (
				en,
				Base,
			);
			mainGroup = 6CC611B12A6570B300B171FD;
			productRefGroup = 6CC611BB2A6570B300B171FD /* Products */;
			projectDirPath = "";
			projectRoot = "";
			targets = (
				6CC611B92A6570B300B171FD /* MoRI */,
			);
		};
/* End PBXProject section */

/* Begin PBXResourcesBuildPhase section */
		6CC611B82A6570B300B171FD /* Resources */ = {
			isa = PBXResourcesBuildPhase;
			buildActionMask = 2147483647;
			files = (
				6CC611C52A6570B500B171FD /* Preview Assets.xcassets in Resources */,
				6CC611C22A6570B500B171FD /* Assets.xcassets in Resources */,
			);
			runOnlyForDeploymentPostprocessing = 0;
		};
/* End PBXResourcesBuildPhase section */

/* Begin PBXSourcesBuildPhase section */
		6CC611B62A6570B300B171FD /* Sources */ = {
			isa = PBXSourcesBuildPhase;
			buildActionMask = 2147483647;
			files = (
				C18294632A6627640027577F /* Song.swift in Sources */,
				6CC611CA2A6570B500B171FD /* MoRI.xcdatamodeld in Sources */,
				C18294672A6627C00027577F /* SelectLyricsView.swift in Sources */,
				6CC611C72A6570B500B171FD /* Persistence.swift in Sources */,
				6CC611C02A6570B300B171FD /* ContentView.swift in Sources */,
				C18294652A6627840027577F /* SearchMusicViewModel.swift in Sources */,
				6CC611BE2A6570B300B171FD /* MoRIApp.swift in Sources */,
				C18294612A6627530027577F /* SearchMusicView.swift in Sources */,
			);
			runOnlyForDeploymentPostprocessing = 0;
		};
/* End PBXSourcesBuildPhase section */

/* Begin XCBuildConfiguration section */
		6CC611CB2A6570B500B171FD /* Debug */ = {
			isa = XCBuildConfiguration;
			buildSettings = {
				ALWAYS_SEARCH_USER_PATHS = NO;
				CLANG_ANALYZER_NONNULL = YES;
				CLANG_ANALYZER_NUMBER_OBJECT_CONVERSION = YES_AGGRESSIVE;
				CLANG_CXX_LANGUAGE_STANDARD = "gnu++20";
				CLANG_ENABLE_MODULES = YES;
				CLANG_ENABLE_OBJC_ARC = YES;
				CLANG_ENABLE_OBJC_WEAK = YES;
				CLANG_WARN_BLOCK_CAPTURE_AUTORELEASING = YES;
				CLANG_WARN_BOOL_CONVERSION = YES;
				CLANG_WARN_COMMA = YES;
				CLANG_WARN_CONSTANT_CONVERSION = YES;
				CLANG_WARN_DEPRECATED_OBJC_IMPLEMENTATIONS = YES;
				CLANG_WARN_DIRECT_OBJC_ISA_USAGE = YES_ERROR;
				CLANG_WARN_DOCUMENTATION_COMMENTS = YES;
				CLANG_WARN_EMPTY_BODY = YES;
				CLANG_WARN_ENUM_CONVERSION = YES;
				CLANG_WARN_INFINITE_RECURSION = YES;
				CLANG_WARN_INT_CONVERSION = YES;
				CLANG_WARN_NON_LITERAL_NULL_CONVERSION = YES;
				CLANG_WARN_OBJC_IMPLICIT_RETAIN_SELF = YES;
				CLANG_WARN_OBJC_LITERAL_CONVERSION = YES;
				CLANG_WARN_OBJC_ROOT_CLASS = YES_ERROR;
				CLANG_WARN_QUOTED_INCLUDE_IN_FRAMEWORK_HEADER = YES;
				CLANG_WARN_RANGE_LOOP_ANALYSIS = YES;
				CLANG_WARN_STRICT_PROTOTYPES = YES;
				CLANG_WARN_SUSPICIOUS_MOVE = YES;
				CLANG_WARN_UNGUARDED_AVAILABILITY = YES_AGGRESSIVE;
				CLANG_WARN_UNREACHABLE_CODE = YES;
				CLANG_WARN__DUPLICATE_METHOD_MATCH = YES;
				COPY_PHASE_STRIP = NO;
				DEBUG_INFORMATION_FORMAT = dwarf;
				ENABLE_STRICT_OBJC_MSGSEND = YES;
				ENABLE_TESTABILITY = YES;
				GCC_C_LANGUAGE_STANDARD = gnu11;
				GCC_DYNAMIC_NO_PIC = NO;
				GCC_NO_COMMON_BLOCKS = YES;
				GCC_OPTIMIZATION_LEVEL = 0;
				GCC_PREPROCESSOR_DEFINITIONS = (
					"DEBUG=1",
					"$(inherited)",
				);
				GCC_WARN_64_TO_32_BIT_CONVERSION = YES;
				GCC_WARN_ABOUT_RETURN_TYPE = YES_ERROR;
				GCC_WARN_UNDECLARED_SELECTOR = YES;
				GCC_WARN_UNINITIALIZED_AUTOS = YES_AGGRESSIVE;
				GCC_WARN_UNUSED_FUNCTION = YES;
				GCC_WARN_UNUSED_VARIABLE = YES;
				MTL_ENABLE_DEBUG_INFO = INCLUDE_SOURCE;
				MTL_FAST_MATH = YES;
				ONLY_ACTIVE_ARCH = YES;
				SDKROOT = iphoneos;
				SWIFT_ACTIVE_COMPILATION_CONDITIONS = DEBUG;
				SWIFT_OPTIMIZATION_LEVEL = "-Onone";
			};
			name = Debug;
		};
		6CC611CC2A6570B500B171FD /* Release */ = {
			isa = XCBuildConfiguration;
			buildSettings = {
				ALWAYS_SEARCH_USER_PATHS = NO;
				CLANG_ANALYZER_NONNULL = YES;
				CLANG_ANALYZER_NUMBER_OBJECT_CONVERSION = YES_AGGRESSIVE;
				CLANG_CXX_LANGUAGE_STANDARD = "gnu++20";
				CLANG_ENABLE_MODULES = YES;
				CLANG_ENABLE_OBJC_ARC = YES;
				CLANG_ENABLE_OBJC_WEAK = YES;
				CLANG_WARN_BLOCK_CAPTURE_AUTORELEASING = YES;
				CLANG_WARN_BOOL_CONVERSION = YES;
				CLANG_WARN_COMMA = YES;
				CLANG_WARN_CONSTANT_CONVERSION = YES;
				CLANG_WARN_DEPRECATED_OBJC_IMPLEMENTATIONS = YES;
				CLANG_WARN_DIRECT_OBJC_ISA_USAGE = YES_ERROR;
				CLANG_WARN_DOCUMENTATION_COMMENTS = YES;
				CLANG_WARN_EMPTY_BODY = YES;
				CLANG_WARN_ENUM_CONVERSION = YES;
				CLANG_WARN_INFINITE_RECURSION = YES;
				CLANG_WARN_INT_CONVERSION = YES;
				CLANG_WARN_NON_LITERAL_NULL_CONVERSION = YES;
				CLANG_WARN_OBJC_IMPLICIT_RETAIN_SELF = YES;
				CLANG_WARN_OBJC_LITERAL_CONVERSION = YES;
				CLANG_WARN_OBJC_ROOT_CLASS = YES_ERROR;
				CLANG_WARN_QUOTED_INCLUDE_IN_FRAMEWORK_HEADER = YES;
				CLANG_WARN_RANGE_LOOP_ANALYSIS = YES;
				CLANG_WARN_STRICT_PROTOTYPES = YES;
				CLANG_WARN_SUSPICIOUS_MOVE = YES;
				CLANG_WARN_UNGUARDED_AVAILABILITY = YES_AGGRESSIVE;
				CLANG_WARN_UNREACHABLE_CODE = YES;
				CLANG_WARN__DUPLICATE_METHOD_MATCH = YES;
				COPY_PHASE_STRIP = NO;
				DEBUG_INFORMATION_FORMAT = "dwarf-with-dsym";
				ENABLE_NS_ASSERTIONS = NO;
				ENABLE_STRICT_OBJC_MSGSEND = YES;
				GCC_C_LANGUAGE_STANDARD = gnu11;
				GCC_NO_COMMON_BLOCKS = YES;
				GCC_WARN_64_TO_32_BIT_CONVERSION = YES;
				GCC_WARN_ABOUT_RETURN_TYPE = YES_ERROR;
				GCC_WARN_UNDECLARED_SELECTOR = YES;
				GCC_WARN_UNINITIALIZED_AUTOS = YES_AGGRESSIVE;
				GCC_WARN_UNUSED_FUNCTION = YES;
				GCC_WARN_UNUSED_VARIABLE = YES;
				MTL_ENABLE_DEBUG_INFO = NO;
				MTL_FAST_MATH = YES;
				SDKROOT = iphoneos;
				SWIFT_COMPILATION_MODE = wholemodule;
				SWIFT_OPTIMIZATION_LEVEL = "-O";
				VALIDATE_PRODUCT = YES;
			};
			name = Release;
		};
		6CC611CE2A6570B500B171FD /* Debug */ = {
			isa = XCBuildConfiguration;
			buildSettings = {
				ASSETCATALOG_COMPILER_APPICON_NAME = AppIcon;
				ASSETCATALOG_COMPILER_GLOBAL_ACCENT_COLOR_NAME = AccentColor;
				CODE_SIGN_STYLE = Automatic;
				CURRENT_PROJECT_VERSION = 1;
				DEVELOPMENT_ASSET_PATHS = "\"MoRI/Preview Content\"";
				DEVELOPMENT_TEAM = XF4GNZL7MP;
				ENABLE_PREVIEWS = YES;
				GENERATE_INFOPLIST_FILE = YES;
				INFOPLIST_KEY_UIApplicationSceneManifest_Generation = YES;
				INFOPLIST_KEY_UIApplicationSupportsIndirectInputEvents = YES;
				INFOPLIST_KEY_UILaunchScreen_Generation = YES;
				INFOPLIST_KEY_UISupportedInterfaceOrientations_iPad = "UIInterfaceOrientationPortrait UIInterfaceOrientationPortraitUpsideDown UIInterfaceOrientationLandscapeLeft UIInterfaceOrientationLandscapeRight";
				INFOPLIST_KEY_UISupportedInterfaceOrientations_iPhone = "UIInterfaceOrientationPortrait UIInterfaceOrientationLandscapeLeft UIInterfaceOrientationLandscapeRight";
				LD_RUNPATH_SEARCH_PATHS = (
					"$(inherited)",
					"@executable_path/Frameworks",
				);
				MARKETING_VERSION = 1.0;
				PRODUCT_BUNDLE_IDENTIFIER = com.doris.mc3practice;
				PRODUCT_NAME = "$(TARGET_NAME)";
				SWIFT_EMIT_LOC_STRINGS = YES;
				SWIFT_VERSION = 5.0;
				TARGETED_DEVICE_FAMILY = "1,2";
			};
			name = Debug;
		};
		6CC611CF2A6570B500B171FD /* Release */ = {
			isa = XCBuildConfiguration;
			buildSettings = {
				ASSETCATALOG_COMPILER_APPICON_NAME = AppIcon;
				ASSETCATALOG_COMPILER_GLOBAL_ACCENT_COLOR_NAME = AccentColor;
				CODE_SIGN_STYLE = Automatic;
				CURRENT_PROJECT_VERSION = 1;
				DEVELOPMENT_ASSET_PATHS = "\"MoRI/Preview Content\"";
				DEVELOPMENT_TEAM = XF4GNZL7MP;
				ENABLE_PREVIEWS = YES;
				GENERATE_INFOPLIST_FILE = YES;
				INFOPLIST_KEY_UIApplicationSceneManifest_Generation = YES;
				INFOPLIST_KEY_UIApplicationSupportsIndirectInputEvents = YES;
				INFOPLIST_KEY_UILaunchScreen_Generation = YES;
				INFOPLIST_KEY_UISupportedInterfaceOrientations_iPad = "UIInterfaceOrientationPortrait UIInterfaceOrientationPortraitUpsideDown UIInterfaceOrientationLandscapeLeft UIInterfaceOrientationLandscapeRight";
				INFOPLIST_KEY_UISupportedInterfaceOrientations_iPhone = "UIInterfaceOrientationPortrait UIInterfaceOrientationLandscapeLeft UIInterfaceOrientationLandscapeRight";
				LD_RUNPATH_SEARCH_PATHS = (
					"$(inherited)",
					"@executable_path/Frameworks",
				);
				MARKETING_VERSION = 1.0;
				PRODUCT_BUNDLE_IDENTIFIER = com.doris.mc3practice;
				PRODUCT_NAME = "$(TARGET_NAME)";
				SWIFT_EMIT_LOC_STRINGS = YES;
				SWIFT_VERSION = 5.0;
				TARGETED_DEVICE_FAMILY = "1,2";
			};
			name = Release;
		};
/* End XCBuildConfiguration section */

/* Begin XCConfigurationList section */
		6CC611B52A6570B300B171FD /* Build configuration list for PBXProject "MoRI" */ = {
			isa = XCConfigurationList;
			buildConfigurations = (
				6CC611CB2A6570B500B171FD /* Debug */,
				6CC611CC2A6570B500B171FD /* Release */,
			);
			defaultConfigurationIsVisible = 0;
			defaultConfigurationName = Release;
		};
		6CC611CD2A6570B500B171FD /* Build configuration list for PBXNativeTarget "MoRI" */ = {
			isa = XCConfigurationList;
			buildConfigurations = (
				6CC611CE2A6570B500B171FD /* Debug */,
				6CC611CF2A6570B500B171FD /* Release */,
			);
			defaultConfigurationIsVisible = 0;
			defaultConfigurationName = Release;
		};
/* End XCConfigurationList section */

/* Begin XCVersionGroup section */
		6CC611C82A6570B500B171FD /* MoRI.xcdatamodeld */ = {
			isa = XCVersionGroup;
			children = (
				6CC611C92A6570B500B171FD /* MoRI.xcdatamodel */,
			);
			currentVersion = 6CC611C92A6570B500B171FD /* MoRI.xcdatamodel */;
			path = MoRI.xcdatamodeld;
			sourceTree = "<group>";
			versionGroupType = wrapper.xcdatamodel;
		};
/* End XCVersionGroup section */
	};
	rootObject = 6CC611B22A6570B300B171FD /* Project object */;
}
